
Microsoft Visual Studio Solution File, Format Version 12.00
# Visual Studio Version 16
VisualStudioVersion = 16.0.30717.126
MinimumVisualStudioVersion = 10.0.40219.1
Project("{9A19103F-16F7-4668-BE54-9A1E7A4F7556}") = "FastFoodCompany", "FastFoodCompany\FastFoodCompany.csproj", "{A852DDE9-4D36-43D3-8B1D-CCD6EA49F2F2}"
EndProject
Project("{FAE04EC0-301F-11D3-BF4B-00C04F79EFBC}") = "FastFoodCompanyTest", "FastFoodCompanyTest\FastFoodCompanyTest.csproj", "{2F61FB5C-4D5F-4385-8DFF-DE94B50CDB5F}"
EndProject
Global
	GlobalSection(SolutionConfigurationPlatforms) = preSolution
		Debug|Any CPU = Debug|Any CPU
		Release|Any CPU = Release|Any CPU
	EndGlobalSection
	GlobalSection(ProjectConfigurationPlatforms) = postSolution
		{A852DDE9-4D36-43D3-8B1D-CCD6EA49F2F2}.Debug|Any CPU.ActiveCfg = Debug|Any CPU
		{A852DDE9-4D36-43D3-8B1D-CCD6EA49F2F2}.Debug|Any CPU.Build.0 = Debug|Any CPU
		{A852DDE9-4D36-43D3-8B1D-CCD6EA49F2F2}.Release|Any CPU.ActiveCfg = Release|Any CPU
		{A852DDE9-4D36-43D3-8B1D-CCD6EA49F2F2}.Release|Any CPU.Build.0 = Release|Any CPU
		{2F61FB5C-4D5F-4385-8DFF-DE94B50CDB5F}.Debug|Any CPU.ActiveCfg = Debug|Any CPU
		{2F61FB5C-4D5F-4385-8DFF-DE94B50CDB5F}.Debug|Any CPU.Build.0 = Debug|Any CPU
		{2F61FB5C-4D5F-4385-8DFF-DE94B50CDB5F}.Release|Any CPU.ActiveCfg = Release|Any CPU
		{2F61FB5C-4D5F-4385-8DFF-DE94B50CDB5F}.Release|Any CPU.Build.0 = Release|Any CPU
	EndGlobalSection
	GlobalSection(SolutionProperties) = preSolution
		HideSolutionNode = FALSE
	EndGlobalSection
	GlobalSection(ExtensibilityGlobals) = postSolution
		SolutionGuid = {07E426F1-3FAA-450D-94D2-99AC4C43651A}
	EndGlobalSection
EndGlobal
